
Microsoft Visual Studio Solution File, Format Version 12.00
# Visual Studio Version 16
VisualStudioVersion = 16.0.33801.447
MinimumVisualStudioVersion = 10.0.40219.1
Project("{9A19103F-16F7-4668-BE54-9A1E7A4F7556}") = "module4.1.4", "module4.1\module4.1.4.csproj", "{BC77C36C-6BF8-48D0-9412-FAF1586C17BF}"
EndProject
Project("{FAE04EC0-301F-11D3-BF4B-00C04F79EFBC}") = "module4.1.5", "module4.1.5\module4.1.5.csproj", "{FDCAD287-ED42-4022-97FF-87486EF7B729}"
EndProject
Project("{FAE04EC0-301F-11D3-BF4B-00C04F79EFBC}") = "module4.1.12", "module4.1.12\module4.1.12.csproj", "{D31DF5AB-5134-40BA-93E3-8928A2F9CE01}"
EndProject
Global
	GlobalSection(SolutionConfigurationPlatforms) = preSolution
		Debug|Any CPU = Debug|Any CPU
		Release|Any CPU = Release|Any CPU
	EndGlobalSection
	GlobalSection(ProjectConfigurationPlatforms) = postSolution
		{BC77C36C-6BF8-48D0-9412-FAF1586C17BF}.Debug|Any CPU.ActiveCfg = Debug|Any CPU
		{BC77C36C-6BF8-48D0-9412-FAF1586C17BF}.Debug|Any CPU.Build.0 = Debug|Any CPU
		{BC77C36C-6BF8-48D0-9412-FAF1586C17BF}.Release|Any CPU.ActiveCfg = Release|Any CPU
		{BC77C36C-6BF8-48D0-9412-FAF1586C17BF}.Release|Any CPU.Build.0 = Release|Any CPU
		{FDCAD287-ED42-4022-97FF-87486EF7B729}.Debug|Any CPU.ActiveCfg = Debug|Any CPU
		{FDCAD287-ED42-4022-97FF-87486EF7B729}.Debug|Any CPU.Build.0 = Debug|Any CPU
		{FDCAD287-ED42-4022-97FF-87486EF7B729}.Release|Any CPU.ActiveCfg = Release|Any CPU
		{FDCAD287-ED42-4022-97FF-87486EF7B729}.Release|Any CPU.Build.0 = Release|Any CPU
		{D31DF5AB-5134-40BA-93E3-8928A2F9CE01}.Debug|Any CPU.ActiveCfg = Debug|Any CPU
		{D31DF5AB-5134-40BA-93E3-8928A2F9CE01}.Debug|Any CPU.Build.0 = Debug|Any CPU
		{D31DF5AB-5134-40BA-93E3-8928A2F9CE01}.Release|Any CPU.ActiveCfg = Release|Any CPU
		{D31DF5AB-5134-40BA-93E3-8928A2F9CE01}.Release|Any CPU.Build.0 = Release|Any CPU
	EndGlobalSection
	GlobalSection(SolutionProperties) = preSolution
		HideSolutionNode = FALSE
	EndGlobalSection
	GlobalSection(ExtensibilityGlobals) = postSolution
		SolutionGuid = {50EAD3E7-5793-4D24-99A9-72D5406366F7}
	EndGlobalSection
EndGlobal
